
Microsoft Visual Studio Solution File, Format Version 12.00
# Visual Studio Version 17
VisualStudioVersion = 17.6.33829.357
MinimumVisualStudioVersion = 10.0.40219.1
Project("{FAE04EC0-301F-11D3-BF4B-00C04F79EFBC}") = "WindowsWallpaper", "WindowsPixelShaderWallpaper\WindowsWallpaper.csproj", "{6E19B666-01B5-4B48-93CA-5CAEDC9BDA88}"
EndProject
Global
	GlobalSection(SolutionConfigurationPlatforms) = preSolution
		Debug|Any CPU = Debug|Any CPU
		Release|Any CPU = Release|Any CPU
	EndGlobalSection
	GlobalSection(ProjectConfigurationPlatforms) = postSolution
		{6E19B666-01B5-4B48-93CA-5CAEDC9BDA88}.Debug|Any CPU.ActiveCfg = Debug|Any CPU
		{6E19B666-01B5-4B48-93CA-5CAEDC9BDA88}.Debug|Any CPU.Build.0 = Debug|Any CPU
		{6E19B666-01B5-4B48-93CA-5CAEDC9BDA88}.Release|Any CPU.ActiveCfg = Release|Any CPU
		{6E19B666-01B5-4B48-93CA-5CAEDC9BDA88}.Release|Any CPU.Build.0 = Release|Any CPU
	EndGlobalSection
	GlobalSection(SolutionProperties) = preSolution
		HideSolutionNode = FALSE
	EndGlobalSection
	GlobalSection(ExtensibilityGlobals) = postSolution
		SolutionGuid = {34726287-55F6-4024-8690-C74B723FB55B}
	EndGlobalSection
EndGlobal
